<?xml version="1.0" encoding="utf-8"?>
<Project ToolsVersion="4.0" xmlns="http://schemas.microsoft.com/developer/msbuild/2003">
  <ItemGroup>
    <ClInclude Include="pch.h">
    </ClInclude>
    <ClInclude Include="common.h" />
  </ItemGroup>
  <ItemGroup>
    <ClCompile Include="pch.cpp">
    </ClCompile>
    <ClCompile Include="$(GeneratedFilesDir)module.g.cpp" />
  </ItemGroup>
  <ItemGroup>
    <ResourceCompile Include="FileSystem.rc">
    </ResourceCompile>
  </ItemGroup>
  <ItemGroup>
    <None Include="FileSystem.def">
    </None>
    <None Include="PropertySheet.props" />
    <None Include="packages.config" />
  </ItemGroup>
  <ItemGroup>
    <Natvis Include="$(MSBuildThisFileDirectory)..\..\natvis\wil.natvis" />
  </ItemGroup>
  <ItemGroup>
    <Midl Include="FileExplorer.idl" />
    <Midl Include="FileExplorerSort.idl" />
    <Midl Include="FileSystemItem.idl" />
    <Midl Include="WindowsSearchResult.idl" />
    <Midl Include="WindowsSearchResultStatus.idl" />
    <Midl Include="WindowsSearch.idl" />
  </ItemGroup>
</Project>